{
    "name": "node-red-project",
    "version": "0.0.1",
    "lockfileVersion": 2,
    "requires": true,
    "packages": {
        "": {
            "name": "node-red-project",
            "version": "0.0.1",
            "dependencies": {
                "node-red-contrib-array-permutations": "file:.."
            }
        },
        "..": {
            "version": "0.0.5",
            "license": "GPL-3.0",
            "dependencies": {
                "node-red-contrib-logger": "*"
            },
            "devDependencies": {
                "mocha": "*",
                "node-red": "*",
                "node-red-node-test-helper": "*"
            }
        },
        "node_modules/node-red-contrib-array-permutations": {
            "resolved": "..",
            "link": true
        }
    },
    "dependencies": {
        "node-red-contrib-array-permutations": {
            "version": "file:..",
            "requires": {
                "mocha": "*",
                "node-red": "*",
                "node-red-contrib-logger": "*",
                "node-red-node-test-helper": "*"
            }
        }
    }
}
